
Microsoft Visual Studio Solution File, Format Version 12.00
# Visual Studio 2013
VisualStudioVersion = 12.0.31101.0
MinimumVisualStudioVersion = 10.0.40219.1
Project("{FAE04EC0-301F-11D3-BF4B-00C04F79EFBC}") = "App", "App\App.csproj", "{711BC26B-E15A-4B0D-B51E-B60AD38EEF79}"
EndProject
Global
	GlobalSection(SolutionConfigurationPlatforms) = preSolution
		Debug|Any CPU = Debug|Any CPU
		Release|Any CPU = Release|Any CPU
	EndGlobalSection
	GlobalSection(ProjectConfigurationPlatforms) = postSolution
		{711BC26B-E15A-4B0D-B51E-B60AD38EEF79}.Debug|Any CPU.ActiveCfg = Debug|Any CPU
		{711BC26B-E15A-4B0D-B51E-B60AD38EEF79}.Debug|Any CPU.Build.0 = Debug|Any CPU
		{711BC26B-E15A-4B0D-B51E-B60AD38EEF79}.Release|Any CPU.ActiveCfg = Release|Any CPU
		{711BC26B-E15A-4B0D-B51E-B60AD38EEF79}.Release|Any CPU.Build.0 = Release|Any CPU
	EndGlobalSection
	GlobalSection(SolutionProperties) = preSolution
		HideSolutionNode = FALSE
	EndGlobalSection
EndGlobal
